
Microsoft Visual Studio Solution File, Format Version 12.00
# Visual Studio 2012
Project("{FAE04EC0-301F-11D3-BF4B-00C04F79EFBC}") = "Registeration_form", "Registeration_form\Registeration_form.csproj", "{FA45EE29-400A-4D2B-88D4-0B6DCFB4D1C6}"
EndProject
Global
	GlobalSection(SolutionConfigurationPlatforms) = preSolution
		Debug|Any CPU = Debug|Any CPU
		Release|Any CPU = Release|Any CPU
	EndGlobalSection
	GlobalSection(ProjectConfigurationPlatforms) = postSolution
		{FA45EE29-400A-4D2B-88D4-0B6DCFB4D1C6}.Debug|Any CPU.ActiveCfg = Debug|Any CPU
		{FA45EE29-400A-4D2B-88D4-0B6DCFB4D1C6}.Debug|Any CPU.Build.0 = Debug|Any CPU
		{FA45EE29-400A-4D2B-88D4-0B6DCFB4D1C6}.Release|Any CPU.ActiveCfg = Release|Any CPU
		{FA45EE29-400A-4D2B-88D4-0B6DCFB4D1C6}.Release|Any CPU.Build.0 = Release|Any CPU
	EndGlobalSection
	GlobalSection(SolutionProperties) = preSolution
		HideSolutionNode = FALSE
	EndGlobalSection
EndGlobal
